// !$*UTF8*$!
{
	archiveVersion = 1;
	classes = {
	};
	objectVersion = 50;
	objects = {

/* Begin PBXBuildFile section */
		150E0F3A23F2548100DE721A /* FilterButton.swift in Sources */ = {isa = PBXBuildFile; fileRef = 150E0F3923F2548100DE721A /* FilterButton.swift */; };
		1530268A23EF761D00B4F2D0 /* RxSwift.framework in Frameworks */ = {isa = PBXBuildFile; fileRef = 15A010ED23EF749500FF8F9C /* RxSwift.framework */; };
		1530268B23EF761D00B4F2D0 /* RxSwift.framework in Embed Frameworks */ = {isa = PBXBuildFile; fileRef = 15A010ED23EF749500FF8F9C /* RxSwift.framework */; settings = {ATTRIBUTES = (CodeSignOnCopy, RemoveHeadersOnCopy, ); }; };
		1530268D23EF762500B4F2D0 /* RxCocoa.framework in Frameworks */ = {isa = PBXBuildFile; fileRef = 15A010F123EF749900FF8F9C /* RxCocoa.framework */; };
		1530268E23EF762500B4F2D0 /* RxCocoa.framework in Embed Frameworks */ = {isa = PBXBuildFile; fileRef = 15A010F123EF749900FF8F9C /* RxCocoa.framework */; settings = {ATTRIBUTES = (CodeSignOnCopy, RemoveHeadersOnCopy, ); }; };
		1530269123EF7B1900B4F2D0 /* RxRelay.framework in Frameworks */ = {isa = PBXBuildFile; fileRef = 1530269023EF7B1900B4F2D0 /* RxRelay.framework */; };
		1530269223EF7B1900B4F2D0 /* RxRelay.framework in Embed Frameworks */ = {isa = PBXBuildFile; fileRef = 1530269023EF7B1900B4F2D0 /* RxRelay.framework */; settings = {ATTRIBUTES = (CodeSignOnCopy, RemoveHeadersOnCopy, ); }; };
		1554904023EF59560025D97D /* IMConfig.swift in Sources */ = {isa = PBXBuildFile; fileRef = 1554903F23EF59560025D97D /* IMConfig.swift */; };
		1554904423EF5BAD0025D97D /* Reachability.swift in Sources */ = {isa = PBXBuildFile; fileRef = 1554904323EF5BAD0025D97D /* Reachability.swift */; };
		1554904623EF5C0D0025D97D /* IMError.swift in Sources */ = {isa = PBXBuildFile; fileRef = 1554904523EF5C0D0025D97D /* IMError.swift */; };
		1554904823EF5D8A0025D97D /* Dictionary+Utils.swift in Sources */ = {isa = PBXBuildFile; fileRef = 1554904723EF5D8A0025D97D /* Dictionary+Utils.swift */; };
		1554904A23EF675E0025D97D /* UITableView+Utils.swift in Sources */ = {isa = PBXBuildFile; fileRef = 1554904923EF675E0025D97D /* UITableView+Utils.swift */; };
		1554904C23EF67A20025D97D /* UIView+Utils.swift in Sources */ = {isa = PBXBuildFile; fileRef = 1554904B23EF67A20025D97D /* UIView+Utils.swift */; };
		1554904E23EF67D90025D97D /* UIColor+Utils.swift in Sources */ = {isa = PBXBuildFile; fileRef = 1554904D23EF67D90025D97D /* UIColor+Utils.swift */; };
		1554905023EF682F0025D97D /* String+Utils.swift in Sources */ = {isa = PBXBuildFile; fileRef = 1554904F23EF682F0025D97D /* String+Utils.swift */; };
		1554905223EF6D680025D97D /* ActivityManager.swift in Sources */ = {isa = PBXBuildFile; fileRef = 1554905123EF6D680025D97D /* ActivityManager.swift */; };
		1554905423EF6E340025D97D /* UICollectionView+Utils.swift in Sources */ = {isa = PBXBuildFile; fileRef = 1554905323EF6E340025D97D /* UICollectionView+Utils.swift */; };
		1567A1F723F31A2D005A9DFF /* UIScrollView+BottomRefreshControl.m in Sources */ = {isa = PBXBuildFile; fileRef = 1567A1F623F31A2D005A9DFF /* UIScrollView+BottomRefreshControl.m */; };
		156A6C6823F1F61C0079A6D1 /* DefaultTableViewCell.swift in Sources */ = {isa = PBXBuildFile; fileRef = 156A6C6623F1F61C0079A6D1 /* DefaultTableViewCell.swift */; };
		156A6C6923F1F61C0079A6D1 /* DefaultTableViewCell.xib in Resources */ = {isa = PBXBuildFile; fileRef = 156A6C6723F1F61C0079A6D1 /* DefaultTableViewCell.xib */; };
		156A6C6C23F1F6600079A6D1 /* DefaultCollectionViewCell.swift in Sources */ = {isa = PBXBuildFile; fileRef = 156A6C6A23F1F6600079A6D1 /* DefaultCollectionViewCell.swift */; };
		156A6C6D23F1F6600079A6D1 /* DefaultCollectionViewCell.xib in Resources */ = {isa = PBXBuildFile; fileRef = 156A6C6B23F1F6600079A6D1 /* DefaultCollectionViewCell.xib */; };
		158076F523EF12F0007A6711 /* AppDelegate.swift in Sources */ = {isa = PBXBuildFile; fileRef = 158076F423EF12F0007A6711 /* AppDelegate.swift */; };
		158076FE23EF12F2007A6711 /* Assets.xcassets in Resources */ = {isa = PBXBuildFile; fileRef = 158076FD23EF12F2007A6711 /* Assets.xcassets */; };
		1580770123EF12F2007A6711 /* LaunchScreen.storyboard in Resources */ = {isa = PBXBuildFile; fileRef = 158076FF23EF12F2007A6711 /* LaunchScreen.storyboard */; };
		1580770C23EF12F2007A6711 /* GitHubTestTests.swift in Sources */ = {isa = PBXBuildFile; fileRef = 1580770B23EF12F2007A6711 /* GitHubTestTests.swift */; };
		1580771F23EF15EE007A6711 /* BaseCoordinator.swift in Sources */ = {isa = PBXBuildFile; fileRef = 1580771E23EF15EE007A6711 /* BaseCoordinator.swift */; };
		1580772223EF166D007A6711 /* IMNavigationController.swift in Sources */ = {isa = PBXBuildFile; fileRef = 1580772123EF166D007A6711 /* IMNavigationController.swift */; };
		1580772523EF16FC007A6711 /* UIBarButtonItem+Utils.swift in Sources */ = {isa = PBXBuildFile; fileRef = 1580772423EF16FC007A6711 /* UIBarButtonItem+Utils.swift */; };
		1580772723EF171B007A6711 /* AppCoordinator.swift in Sources */ = {isa = PBXBuildFile; fileRef = 1580772623EF171B007A6711 /* AppCoordinator.swift */; };
		1580772D23EF18DB007A6711 /* BaseViewController.swift in Sources */ = {isa = PBXBuildFile; fileRef = 1580772C23EF18DB007A6711 /* BaseViewController.swift */; };
		1580772F23EF194B007A6711 /* AlertManager.swift in Sources */ = {isa = PBXBuildFile; fileRef = 1580772E23EF194B007A6711 /* AlertManager.swift */; };
		1580773123EF1DBC007A6711 /* UIViewController+Utils.swift in Sources */ = {isa = PBXBuildFile; fileRef = 1580773023EF1DBC007A6711 /* UIViewController+Utils.swift */; };
		1580773423EF1E53007A6711 /* HomeViewController.swift in Sources */ = {isa = PBXBuildFile; fileRef = 1580773223EF1E53007A6711 /* HomeViewController.swift */; };
		1580773523EF1E53007A6711 /* HomeViewController.xib in Resources */ = {isa = PBXBuildFile; fileRef = 1580773323EF1E53007A6711 /* HomeViewController.xib */; };
		1580773723EF1EA6007A6711 /* HomeCoordinator.swift in Sources */ = {isa = PBXBuildFile; fileRef = 1580773623EF1EA6007A6711 /* HomeCoordinator.swift */; };
		1580773923EF1ECB007A6711 /* HomeViewModel.swift in Sources */ = {isa = PBXBuildFile; fileRef = 1580773823EF1ECB007A6711 /* HomeViewModel.swift */; };
		1580773C23EF24A0007A6711 /* RepoDetailViewController.swift in Sources */ = {isa = PBXBuildFile; fileRef = 1580773A23EF24A0007A6711 /* RepoDetailViewController.swift */; };
		1580773D23EF24A0007A6711 /* RepoDetailViewController.xib in Resources */ = {isa = PBXBuildFile; fileRef = 1580773B23EF24A0007A6711 /* RepoDetailViewController.xib */; };
		1580773F23EF52B1007A6711 /* Fetcher.swift in Sources */ = {isa = PBXBuildFile; fileRef = 1580773E23EF52B1007A6711 /* Fetcher.swift */; };
		1580774123EF5576007A6711 /* IMCodable.swift in Sources */ = {isa = PBXBuildFile; fileRef = 1580774023EF5576007A6711 /* IMCodable.swift */; };
		1580774323EF55A7007A6711 /* BaseService.swift in Sources */ = {isa = PBXBuildFile; fileRef = 1580774223EF55A7007A6711 /* BaseService.swift */; };
		1592C72F23F07CF1007C321C /* RepoCollectionViewCell.swift in Sources */ = {isa = PBXBuildFile; fileRef = 1592C72D23F07CF1007C321C /* RepoCollectionViewCell.swift */; };
		1592C73023F07CF1007C321C /* RepoCollectionViewCell.xib in Resources */ = {isa = PBXBuildFile; fileRef = 1592C72E23F07CF1007C321C /* RepoCollectionViewCell.xib */; };
		1592C73523F0943D007C321C /* FiltersViewController.swift in Sources */ = {isa = PBXBuildFile; fileRef = 1592C73323F0943D007C321C /* FiltersViewController.swift */; };
		1592C73623F0943D007C321C /* FiltersViewController.xib in Resources */ = {isa = PBXBuildFile; fileRef = 1592C73423F0943D007C321C /* FiltersViewController.xib */; };
		1592C73823F09B24007C321C /* Encodable+Utils.swift in Sources */ = {isa = PBXBuildFile; fileRef = 1592C73723F09B24007C321C /* Encodable+Utils.swift */; };
		1592C73A23F0AC8D007C321C /* Date+Utils.swift in Sources */ = {isa = PBXBuildFile; fileRef = 1592C73923F0AC8D007C321C /* Date+Utils.swift */; };
		1592C73D23F0C360007C321C /* MainRepoInfoTableViewCell.swift in Sources */ = {isa = PBXBuildFile; fileRef = 1592C73B23F0C360007C321C /* MainRepoInfoTableViewCell.swift */; };
		1592C73E23F0C360007C321C /* MainRepoInfoTableViewCell.xib in Resources */ = {isa = PBXBuildFile; fileRef = 1592C73C23F0C360007C321C /* MainRepoInfoTableViewCell.xib */; };
		1592C74123F0C3BE007C321C /* SecondaryInfoTableViewCell.swift in Sources */ = {isa = PBXBuildFile; fileRef = 1592C73F23F0C3BE007C321C /* SecondaryInfoTableViewCell.swift */; };
		1592C74223F0C3BE007C321C /* SecondaryInfoTableViewCell.xib in Resources */ = {isa = PBXBuildFile; fileRef = 1592C74023F0C3BE007C321C /* SecondaryInfoTableViewCell.xib */; };
		1592C74523F0C405007C321C /* ReadMeTableViewCell.swift in Sources */ = {isa = PBXBuildFile; fileRef = 1592C74323F0C405007C321C /* ReadMeTableViewCell.swift */; };
		1592C74623F0C405007C321C /* ReadMeTableViewCell.xib in Resources */ = {isa = PBXBuildFile; fileRef = 1592C74423F0C405007C321C /* ReadMeTableViewCell.xib */; };
		15A6D76823F0591400B0513A /* HomeService.swift in Sources */ = {isa = PBXBuildFile; fileRef = 15A6D76723F0591400B0513A /* HomeService.swift */; };
		15A6D76A23F0591E00B0513A /* HomeAPI.swift in Sources */ = {isa = PBXBuildFile; fileRef = 15A6D76923F0591E00B0513A /* HomeAPI.swift */; };
		15A6D76C23F05B1D00B0513A /* RepositoryModel.swift in Sources */ = {isa = PBXBuildFile; fileRef = 15A6D76B23F05B1D00B0513A /* RepositoryModel.swift */; };
/* End PBXBuildFile section */

/* Begin PBXContainerItemProxy section */
		1580770823EF12F2007A6711 /* PBXContainerItemProxy */ = {
			isa = PBXContainerItemProxy;
			containerPortal = 158076E923EF12F0007A6711 /* Project object */;
			proxyType = 1;
			remoteGlobalIDString = 158076F023EF12F0007A6711;
			remoteInfo = GitHubTest;
		};
/* End PBXContainerItemProxy section */

/* Begin PBXCopyFilesBuildPhase section */
		1530268C23EF761D00B4F2D0 /* Embed Frameworks */ = {
			isa = PBXCopyFilesBuildPhase;
			buildActionMask = 2147483647;
			dstPath = "";
			dstSubfolderSpec = 10;
			files = (
				1530268E23EF762500B4F2D0 /* RxCocoa.framework in Embed Frameworks */,
				1530268B23EF761D00B4F2D0 /* RxSwift.framework in Embed Frameworks */,
				1530269223EF7B1900B4F2D0 /* RxRelay.framework in Embed Frameworks */,
			);
			name = "Embed Frameworks";
			runOnlyForDeploymentPostprocessing = 0;
		};
/* End PBXCopyFilesBuildPhase section */

/* Begin PBXFileReference section */
		150E0F3923F2548100DE721A /* FilterButton.swift */ = {isa = PBXFileReference; lastKnownFileType = sourcecode.swift; path = FilterButton.swift; sourceTree = "<group>"; };
		1530269023EF7B1900B4F2D0 /* RxRelay.framework */ = {isa = PBXFileReference; lastKnownFileType = wrapper.framework; name = RxRelay.framework; path = Carthage/Build/iOS/RxRelay.framework; sourceTree = "<group>"; };
		1554903F23EF59560025D97D /* IMConfig.swift */ = {isa = PBXFileReference; lastKnownFileType = sourcecode.swift; path = IMConfig.swift; sourceTree = "<group>"; };
		1554904323EF5BAD0025D97D /* Reachability.swift */ = {isa = PBXFileReference; lastKnownFileType = sourcecode.swift; path = Reachability.swift; sourceTree = "<group>"; };
		1554904523EF5C0D0025D97D /* IMError.swift */ = {isa = PBXFileReference; lastKnownFileType = sourcecode.swift; path = IMError.swift; sourceTree = "<group>"; };
		1554904723EF5D8A0025D97D /* Dictionary+Utils.swift */ = {isa = PBXFileReference; lastKnownFileType = sourcecode.swift; path = "Dictionary+Utils.swift"; sourceTree = "<group>"; };
		1554904923EF675E0025D97D /* UITableView+Utils.swift */ = {isa = PBXFileReference; lastKnownFileType = sourcecode.swift; path = "UITableView+Utils.swift"; sourceTree = "<group>"; };
		1554904B23EF67A20025D97D /* UIView+Utils.swift */ = {isa = PBXFileReference; lastKnownFileType = sourcecode.swift; path = "UIView+Utils.swift"; sourceTree = "<group>"; };
		1554904D23EF67D90025D97D /* UIColor+Utils.swift */ = {isa = PBXFileReference; lastKnownFileType = sourcecode.swift; path = "UIColor+Utils.swift"; sourceTree = "<group>"; };
		1554904F23EF682F0025D97D /* String+Utils.swift */ = {isa = PBXFileReference; lastKnownFileType = sourcecode.swift; path = "String+Utils.swift"; sourceTree = "<group>"; };
		1554905123EF6D680025D97D /* ActivityManager.swift */ = {isa = PBXFileReference; lastKnownFileType = sourcecode.swift; path = ActivityManager.swift; sourceTree = "<group>"; };
		1554905323EF6E340025D97D /* UICollectionView+Utils.swift */ = {isa = PBXFileReference; lastKnownFileType = sourcecode.swift; path = "UICollectionView+Utils.swift"; sourceTree = "<group>"; };
		1567A1F623F31A2D005A9DFF /* UIScrollView+BottomRefreshControl.m */ = {isa = PBXFileReference; lastKnownFileType = sourcecode.c.objc; path = "UIScrollView+BottomRefreshControl.m"; sourceTree = "<group>"; };
		1567A1F823F31F20005A9DFF /* UIScrollView+BottomRefreshControl.h */ = {isa = PBXFileReference; lastKnownFileType = sourcecode.c.h; path = "UIScrollView+BottomRefreshControl.h"; sourceTree = "<group>"; };
		1567A1F923F31FC1005A9DFF /* GitHubTest-Bridging-Header.h */ = {isa = PBXFileReference; lastKnownFileType = sourcecode.c.h; path = "GitHubTest-Bridging-Header.h"; sourceTree = "<group>"; };
		156A6C6623F1F61C0079A6D1 /* DefaultTableViewCell.swift */ = {isa = PBXFileReference; lastKnownFileType = sourcecode.swift; path = DefaultTableViewCell.swift; sourceTree = "<group>"; };
		156A6C6723F1F61C0079A6D1 /* DefaultTableViewCell.xib */ = {isa = PBXFileReference; lastKnownFileType = file.xib; path = DefaultTableViewCell.xib; sourceTree = "<group>"; };
		156A6C6A23F1F6600079A6D1 /* DefaultCollectionViewCell.swift */ = {isa = PBXFileReference; lastKnownFileType = sourcecode.swift; path = DefaultCollectionViewCell.swift; sourceTree = "<group>"; };
		156A6C6B23F1F6600079A6D1 /* DefaultCollectionViewCell.xib */ = {isa = PBXFileReference; lastKnownFileType = file.xib; path = DefaultCollectionViewCell.xib; sourceTree = "<group>"; };
		158076F123EF12F0007A6711 /* GitHubTest.app */ = {isa = PBXFileReference; explicitFileType = wrapper.application; includeInIndex = 0; path = GitHubTest.app; sourceTree = BUILT_PRODUCTS_DIR; };
		158076F423EF12F0007A6711 /* AppDelegate.swift */ = {isa = PBXFileReference; lastKnownFileType = sourcecode.swift; path = AppDelegate.swift; sourceTree = "<group>"; };
		158076FD23EF12F2007A6711 /* Assets.xcassets */ = {isa = PBXFileReference; lastKnownFileType = folder.assetcatalog; path = Assets.xcassets; sourceTree = "<group>"; };
		1580770023EF12F2007A6711 /* Base */ = {isa = PBXFileReference; lastKnownFileType = file.storyboard; name = Base; path = Base.lproj/LaunchScreen.storyboard; sourceTree = "<group>"; };
		1580770223EF12F2007A6711 /* Info.plist */ = {isa = PBXFileReference; lastKnownFileType = text.plist.xml; path = Info.plist; sourceTree = "<group>"; };
		1580770723EF12F2007A6711 /* GitHubTestTests.xctest */ = {isa = PBXFileReference; explicitFileType = wrapper.cfbundle; includeInIndex = 0; path = GitHubTestTests.xctest; sourceTree = BUILT_PRODUCTS_DIR; };
		1580770B23EF12F2007A6711 /* GitHubTestTests.swift */ = {isa = PBXFileReference; lastKnownFileType = sourcecode.swift; path = GitHubTestTests.swift; sourceTree = "<group>"; };
		1580770D23EF12F2007A6711 /* Info.plist */ = {isa = PBXFileReference; lastKnownFileType = text.plist.xml; path = Info.plist; sourceTree = "<group>"; };
		1580771E23EF15EE007A6711 /* BaseCoordinator.swift */ = {isa = PBXFileReference; lastKnownFileType = sourcecode.swift; path = BaseCoordinator.swift; sourceTree = "<group>"; };
		1580772123EF166D007A6711 /* IMNavigationController.swift */ = {isa = PBXFileReference; lastKnownFileType = sourcecode.swift; path = IMNavigationController.swift; sourceTree = "<group>"; };
		1580772423EF16FC007A6711 /* UIBarButtonItem+Utils.swift */ = {isa = PBXFileReference; lastKnownFileType = sourcecode.swift; path = "UIBarButtonItem+Utils.swift"; sourceTree = "<group>"; };
		1580772623EF171B007A6711 /* AppCoordinator.swift */ = {isa = PBXFileReference; lastKnownFileType = sourcecode.swift; path = AppCoordinator.swift; sourceTree = "<group>"; };
		1580772C23EF18DB007A6711 /* BaseViewController.swift */ = {isa = PBXFileReference; lastKnownFileType = sourcecode.swift; path = BaseViewController.swift; sourceTree = "<group>"; };
		1580772E23EF194B007A6711 /* AlertManager.swift */ = {isa = PBXFileReference; lastKnownFileType = sourcecode.swift; path = AlertManager.swift; sourceTree = "<group>"; };
		1580773023EF1DBC007A6711 /* UIViewController+Utils.swift */ = {isa = PBXFileReference; lastKnownFileType = sourcecode.swift; path = "UIViewController+Utils.swift"; sourceTree = "<group>"; };
		1580773223EF1E53007A6711 /* HomeViewController.swift */ = {isa = PBXFileReference; lastKnownFileType = sourcecode.swift; path = HomeViewController.swift; sourceTree = "<group>"; };
		1580773323EF1E53007A6711 /* HomeViewController.xib */ = {isa = PBXFileReference; lastKnownFileType = file.xib; path = HomeViewController.xib; sourceTree = "<group>"; };
		1580773623EF1EA6007A6711 /* HomeCoordinator.swift */ = {isa = PBXFileReference; lastKnownFileType = sourcecode.swift; path = HomeCoordinator.swift; sourceTree = "<group>"; };
		1580773823EF1ECB007A6711 /* HomeViewModel.swift */ = {isa = PBXFileReference; lastKnownFileType = sourcecode.swift; path = HomeViewModel.swift; sourceTree = "<group>"; };
		1580773A23EF24A0007A6711 /* RepoDetailViewController.swift */ = {isa = PBXFileReference; lastKnownFileType = sourcecode.swift; path = RepoDetailViewController.swift; sourceTree = "<group>"; };
		1580773B23EF24A0007A6711 /* RepoDetailViewController.xib */ = {isa = PBXFileReference; lastKnownFileType = file.xib; path = RepoDetailViewController.xib; sourceTree = "<group>"; };
		1580773E23EF52B1007A6711 /* Fetcher.swift */ = {isa = PBXFileReference; lastKnownFileType = sourcecode.swift; path = Fetcher.swift; sourceTree = "<group>"; };
		1580774023EF5576007A6711 /* IMCodable.swift */ = {isa = PBXFileReference; lastKnownFileType = sourcecode.swift; path = IMCodable.swift; sourceTree = "<group>"; };
		1580774223EF55A7007A6711 /* BaseService.swift */ = {isa = PBXFileReference; lastKnownFileType = sourcecode.swift; path = BaseService.swift; sourceTree = "<group>"; };
		1592C72D23F07CF1007C321C /* RepoCollectionViewCell.swift */ = {isa = PBXFileReference; lastKnownFileType = sourcecode.swift; path = RepoCollectionViewCell.swift; sourceTree = "<group>"; };
		1592C72E23F07CF1007C321C /* RepoCollectionViewCell.xib */ = {isa = PBXFileReference; lastKnownFileType = file.xib; path = RepoCollectionViewCell.xib; sourceTree = "<group>"; };
		1592C73323F0943D007C321C /* FiltersViewController.swift */ = {isa = PBXFileReference; lastKnownFileType = sourcecode.swift; path = FiltersViewController.swift; sourceTree = "<group>"; };
		1592C73423F0943D007C321C /* FiltersViewController.xib */ = {isa = PBXFileReference; lastKnownFileType = file.xib; path = FiltersViewController.xib; sourceTree = "<group>"; };
		1592C73723F09B24007C321C /* Encodable+Utils.swift */ = {isa = PBXFileReference; lastKnownFileType = sourcecode.swift; path = "Encodable+Utils.swift"; sourceTree = "<group>"; };
		1592C73923F0AC8D007C321C /* Date+Utils.swift */ = {isa = PBXFileReference; lastKnownFileType = sourcecode.swift; path = "Date+Utils.swift"; sourceTree = "<group>"; };
		1592C73B23F0C360007C321C /* MainRepoInfoTableViewCell.swift */ = {isa = PBXFileReference; lastKnownFileType = sourcecode.swift; path = MainRepoInfoTableViewCell.swift; sourceTree = "<group>"; };
		1592C73C23F0C360007C321C /* MainRepoInfoTableViewCell.xib */ = {isa = PBXFileReference; lastKnownFileType = file.xib; path = MainRepoInfoTableViewCell.xib; sourceTree = "<group>"; };
		1592C73F23F0C3BE007C321C /* SecondaryInfoTableViewCell.swift */ = {isa = PBXFileReference; lastKnownFileType = sourcecode.swift; path = SecondaryInfoTableViewCell.swift; sourceTree = "<group>"; };
		1592C74023F0C3BE007C321C /* SecondaryInfoTableViewCell.xib */ = {isa = PBXFileReference; lastKnownFileType = file.xib; path = SecondaryInfoTableViewCell.xib; sourceTree = "<group>"; };
		1592C74323F0C405007C321C /* ReadMeTableViewCell.swift */ = {isa = PBXFileReference; lastKnownFileType = sourcecode.swift; path = ReadMeTableViewCell.swift; sourceTree = "<group>"; };
		1592C74423F0C405007C321C /* ReadMeTableViewCell.xib */ = {isa = PBXFileReference; lastKnownFileType = file.xib; path = ReadMeTableViewCell.xib; sourceTree = "<group>"; };
		15A010E823EF713B00FF8F9C /* RxBlocking.framework */ = {isa = PBXFileReference; lastKnownFileType = wrapper.framework; name = RxBlocking.framework; path = Carthage/Build/iOS/RxBlocking.framework; sourceTree = "<group>"; };
		15A010ED23EF749500FF8F9C /* RxSwift.framework */ = {isa = PBXFileReference; lastKnownFileType = wrapper.framework; name = RxSwift.framework; path = Carthage/Build/iOS/RxSwift.framework; sourceTree = "<group>"; };
		15A010F123EF749900FF8F9C /* RxCocoa.framework */ = {isa = PBXFileReference; lastKnownFileType = wrapper.framework; name = RxCocoa.framework; path = Carthage/Build/iOS/RxCocoa.framework; sourceTree = "<group>"; };
		15A6D76723F0591400B0513A /* HomeService.swift */ = {isa = PBXFileReference; lastKnownFileType = sourcecode.swift; path = HomeService.swift; sourceTree = "<group>"; };
		15A6D76923F0591E00B0513A /* HomeAPI.swift */ = {isa = PBXFileReference; lastKnownFileType = sourcecode.swift; path = HomeAPI.swift; sourceTree = "<group>"; };
		15A6D76B23F05B1D00B0513A /* RepositoryModel.swift */ = {isa = PBXFileReference; lastKnownFileType = sourcecode.swift; path = RepositoryModel.swift; sourceTree = "<group>"; };
/* End PBXFileReference section */

/* Begin PBXFrameworksBuildPhase section */
		158076EE23EF12F0007A6711 /* Frameworks */ = {
			isa = PBXFrameworksBuildPhase;
			buildActionMask = 2147483647;
			files = (
				1530268D23EF762500B4F2D0 /* RxCocoa.framework in Frameworks */,
				1530268A23EF761D00B4F2D0 /* RxSwift.framework in Frameworks */,
				1530269123EF7B1900B4F2D0 /* RxRelay.framework in Frameworks */,
			);
			runOnlyForDeploymentPostprocessing = 0;
		};
		1580770423EF12F2007A6711 /* Frameworks */ = {
			isa = PBXFrameworksBuildPhase;
			buildActionMask = 2147483647;
			files = (
			);
			runOnlyForDeploymentPostprocessing = 0;
		};
/* End PBXFrameworksBuildPhase section */

/* Begin PBXGroup section */
		150E0F3823F2547100DE721A /* Components */ = {
			isa = PBXGroup;
			children = (
				150E0F3923F2548100DE721A /* FilterButton.swift */,
			);
			path = Components;
			sourceTree = "<group>";
		};
		150F3C7923F38444001BE5A7 /* Main */ = {
			isa = PBXGroup;
			children = (
				150F3C7F23F384A2001BE5A7 /* Cells */,
				1580773223EF1E53007A6711 /* HomeViewController.swift */,
				1580773323EF1E53007A6711 /* HomeViewController.xib */,
			);
			path = Main;
			sourceTree = "<group>";
		};
		150F3C7A23F38458001BE5A7 /* Detail */ = {
			isa = PBXGroup;
			children = (
				150F3C7D23F38494001BE5A7 /* Cells */,
				1580773A23EF24A0007A6711 /* RepoDetailViewController.swift */,
				1580773B23EF24A0007A6711 /* RepoDetailViewController.xib */,
			);
			path = Detail;
			sourceTree = "<group>";
		};
		150F3C7B23F3845F001BE5A7 /* Filter */ = {
			isa = PBXGroup;
			children = (
				150F3C7C23F38489001BE5A7 /* Cells */,
				1592C73323F0943D007C321C /* FiltersViewController.swift */,
				1592C73423F0943D007C321C /* FiltersViewController.xib */,
			);
			path = Filter;
			sourceTree = "<group>";
		};
		150F3C7C23F38489001BE5A7 /* Cells */ = {
			isa = PBXGroup;
			children = (
			);
			path = Cells;
			sourceTree = "<group>";
		};
		150F3C7D23F38494001BE5A7 /* Cells */ = {
			isa = PBXGroup;
			children = (
				1592C73B23F0C360007C321C /* MainRepoInfoTableViewCell.swift */,
				1592C73C23F0C360007C321C /* MainRepoInfoTableViewCell.xib */,
				1592C73F23F0C3BE007C321C /* SecondaryInfoTableViewCell.swift */,
				1592C74023F0C3BE007C321C /* SecondaryInfoTableViewCell.xib */,
				1592C74323F0C405007C321C /* ReadMeTableViewCell.swift */,
				1592C74423F0C405007C321C /* ReadMeTableViewCell.xib */,
			);
			path = Cells;
			sourceTree = "<group>";
		};
		150F3C7F23F384A2001BE5A7 /* Cells */ = {
			isa = PBXGroup;
			children = (
				1592C72D23F07CF1007C321C /* RepoCollectionViewCell.swift */,
				1592C72E23F07CF1007C321C /* RepoCollectionViewCell.xib */,
			);
			path = Cells;
			sourceTree = "<group>";
		};
		158076E823EF12F0007A6711 = {
			isa = PBXGroup;
			children = (
				158076F323EF12F0007A6711 /* GitHubTest */,
				1580770A23EF12F2007A6711 /* GitHubTestTests */,
				158076F223EF12F0007A6711 /* Products */,
				15A010E723EF713B00FF8F9C /* Frameworks */,
			);
			sourceTree = "<group>";
		};
		158076F223EF12F0007A6711 /* Products */ = {
			isa = PBXGroup;
			children = (
				158076F123EF12F0007A6711 /* GitHubTest.app */,
				1580770723EF12F2007A6711 /* GitHubTestTests.xctest */,
			);
			name = Products;
			sourceTree = "<group>";
		};
		158076F323EF12F0007A6711 /* GitHubTest */ = {
			isa = PBXGroup;
			children = (
				1580771623EF13F7007A6711 /* Home */,
				158076F423EF12F0007A6711 /* AppDelegate.swift */,
				158076FD23EF12F2007A6711 /* Assets.xcassets */,
				158076FF23EF12F2007A6711 /* LaunchScreen.storyboard */,
				1580770223EF12F2007A6711 /* Info.plist */,
				150E0F3823F2547100DE721A /* Components */,
				1580771C23EF1450007A6711 /* API */,
				1580771D23EF15D6007A6711 /* Coordinator */,
				1580772323EF16E8007A6711 /* Utils */,
				1580772023EF162E007A6711 /* Common */,
				1567A1F923F31FC1005A9DFF /* GitHubTest-Bridging-Header.h */,
			);
			path = GitHubTest;
			sourceTree = "<group>";
		};
		1580770A23EF12F2007A6711 /* GitHubTestTests */ = {
			isa = PBXGroup;
			children = (
				1580770B23EF12F2007A6711 /* GitHubTestTests.swift */,
				1580770D23EF12F2007A6711 /* Info.plist */,
			);
			path = GitHubTestTests;
			sourceTree = "<group>";
		};
		1580771623EF13F7007A6711 /* Home */ = {
			isa = PBXGroup;
			children = (
				1580771B23EF1424007A6711 /* Network */,
				1580771A23EF1415007A6711 /* View */,
				1580771923EF140F007A6711 /* ViewModel */,
				1580771823EF1408007A6711 /* Model */,
				1580771723EF13FE007A6711 /* Coordinator */,
			);
			path = Home;
			sourceTree = "<group>";
		};
		1580771723EF13FE007A6711 /* Coordinator */ = {
			isa = PBXGroup;
			children = (
				1580773623EF1EA6007A6711 /* HomeCoordinator.swift */,
			);
			path = Coordinator;
			sourceTree = "<group>";
		};
		1580771823EF1408007A6711 /* Model */ = {
			isa = PBXGroup;
			children = (
				15A6D76B23F05B1D00B0513A /* RepositoryModel.swift */,
			);
			path = Model;
			sourceTree = "<group>";
		};
		1580771923EF140F007A6711 /* ViewModel */ = {
			isa = PBXGroup;
			children = (
				1580773823EF1ECB007A6711 /* HomeViewModel.swift */,
			);
			path = ViewModel;
			sourceTree = "<group>";
		};
		1580771A23EF1415007A6711 /* View */ = {
			isa = PBXGroup;
			children = (
				150F3C7B23F3845F001BE5A7 /* Filter */,
				150F3C7A23F38458001BE5A7 /* Detail */,
				150F3C7923F38444001BE5A7 /* Main */,
			);
			path = View;
			sourceTree = "<group>";
		};
		1580771B23EF1424007A6711 /* Network */ = {
			isa = PBXGroup;
			children = (
				15A6D76723F0591400B0513A /* HomeService.swift */,
				15A6D76923F0591E00B0513A /* HomeAPI.swift */,
			);
			path = Network;
			sourceTree = "<group>";
		};
		1580771C23EF1450007A6711 /* API */ = {
			isa = PBXGroup;
			children = (
				1580773E23EF52B1007A6711 /* Fetcher.swift */,
				1580774023EF5576007A6711 /* IMCodable.swift */,
				1580774223EF55A7007A6711 /* BaseService.swift */,
				1554903F23EF59560025D97D /* IMConfig.swift */,
				1554904323EF5BAD0025D97D /* Reachability.swift */,
				1554904523EF5C0D0025D97D /* IMError.swift */,
			);
			path = API;
			sourceTree = "<group>";
		};
		1580771D23EF15D6007A6711 /* Coordinator */ = {
			isa = PBXGroup;
			children = (
				1580772623EF171B007A6711 /* AppCoordinator.swift */,
				1580771E23EF15EE007A6711 /* BaseCoordinator.swift */,
			);
			path = Coordinator;
			sourceTree = "<group>";
		};
		1580772023EF162E007A6711 /* Common */ = {
			isa = PBXGroup;
			children = (
				156A6C6623F1F61C0079A6D1 /* DefaultTableViewCell.swift */,
				156A6C6723F1F61C0079A6D1 /* DefaultTableViewCell.xib */,
				1580772123EF166D007A6711 /* IMNavigationController.swift */,
				1580772C23EF18DB007A6711 /* BaseViewController.swift */,
				1580772E23EF194B007A6711 /* AlertManager.swift */,
				1554905123EF6D680025D97D /* ActivityManager.swift */,
				156A6C6A23F1F6600079A6D1 /* DefaultCollectionViewCell.swift */,
				156A6C6B23F1F6600079A6D1 /* DefaultCollectionViewCell.xib */,
			);
			path = Common;
			sourceTree = "<group>";
		};
		1580772323EF16E8007A6711 /* Utils */ = {
			isa = PBXGroup;
			children = (
				1580772423EF16FC007A6711 /* UIBarButtonItem+Utils.swift */,
				1580773023EF1DBC007A6711 /* UIViewController+Utils.swift */,
				1554904723EF5D8A0025D97D /* Dictionary+Utils.swift */,
				1554904923EF675E0025D97D /* UITableView+Utils.swift */,
				1554904B23EF67A20025D97D /* UIView+Utils.swift */,
				1554904D23EF67D90025D97D /* UIColor+Utils.swift */,
				1554904F23EF682F0025D97D /* String+Utils.swift */,
				1554905323EF6E340025D97D /* UICollectionView+Utils.swift */,
				1592C73723F09B24007C321C /* Encodable+Utils.swift */,
				1592C73923F0AC8D007C321C /* Date+Utils.swift */,
				1567A1F623F31A2D005A9DFF /* UIScrollView+BottomRefreshControl.m */,
				1567A1F823F31F20005A9DFF /* UIScrollView+BottomRefreshControl.h */,
			);
			path = Utils;
			sourceTree = "<group>";
		};
		15A010E723EF713B00FF8F9C /* Frameworks */ = {
			isa = PBXGroup;
			children = (
				1530269023EF7B1900B4F2D0 /* RxRelay.framework */,
				15A010F123EF749900FF8F9C /* RxCocoa.framework */,
				15A010ED23EF749500FF8F9C /* RxSwift.framework */,
				15A010E823EF713B00FF8F9C /* RxBlocking.framework */,
			);
			name = Frameworks;
			sourceTree = "<group>";
		};
/* End PBXGroup section */

/* Begin PBXNativeTarget section */
		158076F023EF12F0007A6711 /* GitHubTest */ = {
			isa = PBXNativeTarget;
			buildConfigurationList = 1580771023EF12F2007A6711 /* Build configuration list for PBXNativeTarget "GitHubTest" */;
			buildPhases = (
				158076ED23EF12F0007A6711 /* Sources */,
				158076EE23EF12F0007A6711 /* Frameworks */,
				158076EF23EF12F0007A6711 /* Resources */,
				1580774423EF56BF007A6711 /* SwiftLint */,
				1530268C23EF761D00B4F2D0 /* Embed Frameworks */,
				1530268F23EF763C00B4F2D0 /* Carthage */,
			);
			buildRules = (
			);
			dependencies = (
			);
			name = GitHubTest;
			productName = GitHubTest;
			productReference = 158076F123EF12F0007A6711 /* GitHubTest.app */;
			productType = "com.apple.product-type.application";
		};
		1580770623EF12F2007A6711 /* GitHubTestTests */ = {
			isa = PBXNativeTarget;
			buildConfigurationList = 1580771323EF12F2007A6711 /* Build configuration list for PBXNativeTarget "GitHubTestTests" */;
			buildPhases = (
				1580770323EF12F2007A6711 /* Sources */,
				1580770423EF12F2007A6711 /* Frameworks */,
				1580770523EF12F2007A6711 /* Resources */,
			);
			buildRules = (
			);
			dependencies = (
				1580770923EF12F2007A6711 /* PBXTargetDependency */,
			);
			name = GitHubTestTests;
			productName = GitHubTestTests;
			productReference = 1580770723EF12F2007A6711 /* GitHubTestTests.xctest */;
			productType = "com.apple.product-type.bundle.unit-test";
		};
/* End PBXNativeTarget section */

/* Begin PBXProject section */
		158076E923EF12F0007A6711 /* Project object */ = {
			isa = PBXProject;
			attributes = {
				LastSwiftUpdateCheck = 1130;
				LastUpgradeCheck = 1130;
				ORGANIZATIONNAME = bruno;
				TargetAttributes = {
					158076F023EF12F0007A6711 = {
						CreatedOnToolsVersion = 11.3.1;
					};
					1580770623EF12F2007A6711 = {
						CreatedOnToolsVersion = 11.3.1;
						TestTargetID = 158076F023EF12F0007A6711;
					};
				};
			};
			buildConfigurationList = 158076EC23EF12F0007A6711 /* Build configuration list for PBXProject "GitHubTest" */;
			compatibilityVersion = "Xcode 9.3";
			developmentRegion = en;
			hasScannedForEncodings = 0;
			knownRegions = (
				en,
				Base,
			);
			mainGroup = 158076E823EF12F0007A6711;
			productRefGroup = 158076F223EF12F0007A6711 /* Products */;
			projectDirPath = "";
			projectRoot = "";
			targets = (
				158076F023EF12F0007A6711 /* GitHubTest */,
				1580770623EF12F2007A6711 /* GitHubTestTests */,
			);
		};
/* End PBXProject section */

/* Begin PBXResourcesBuildPhase section */
		158076EF23EF12F0007A6711 /* Resources */ = {
			isa = PBXResourcesBuildPhase;
			buildActionMask = 2147483647;
			files = (
				1580770123EF12F2007A6711 /* LaunchScreen.storyboard in Resources */,
				1592C73E23F0C360007C321C /* MainRepoInfoTableViewCell.xib in Resources */,
				1580773D23EF24A0007A6711 /* RepoDetailViewController.xib in Resources */,
				156A6C6923F1F61C0079A6D1 /* DefaultTableViewCell.xib in Resources */,
				158076FE23EF12F2007A6711 /* Assets.xcassets in Resources */,
				1592C73023F07CF1007C321C /* RepoCollectionViewCell.xib in Resources */,
				1592C73623F0943D007C321C /* FiltersViewController.xib in Resources */,
				1592C74223F0C3BE007C321C /* SecondaryInfoTableViewCell.xib in Resources */,
				1580773523EF1E53007A6711 /* HomeViewController.xib in Resources */,
				1592C74623F0C405007C321C /* ReadMeTableViewCell.xib in Resources */,
				156A6C6D23F1F6600079A6D1 /* DefaultCollectionViewCell.xib in Resources */,
			);
			runOnlyForDeploymentPostprocessing = 0;
		};
		1580770523EF12F2007A6711 /* Resources */ = {
			isa = PBXResourcesBuildPhase;
			buildActionMask = 2147483647;
			files = (
			);
			runOnlyForDeploymentPostprocessing = 0;
		};
/* End PBXResourcesBuildPhase section */

/* Begin PBXShellScriptBuildPhase section */
		1530268F23EF763C00B4F2D0 /* Carthage */ = {
			isa = PBXShellScriptBuildPhase;
			buildActionMask = 2147483647;
			files = (
			);
			inputFileListPaths = (
			);
			inputPaths = (
				"$(SRCROOT)/Carthage/Build/iOS/RxSwift.framework",
				"$(SRCROOT)/Carthage/Build/iOS/RxCocoa.framework",
				"$(SRCROOT)/Carthage/Build/iOS/RxRelay.framework",
			);
			name = Carthage;
			outputFileListPaths = (
			);
			outputPaths = (
			);
			runOnlyForDeploymentPostprocessing = 0;
			shellPath = /bin/sh;
			shellScript = "# Type a script or drag a script file from your workspace to insert its path.\n/usr/local/bin/carthage copy-frameworks\n";
		};
		1580774423EF56BF007A6711 /* SwiftLint */ = {
			isa = PBXShellScriptBuildPhase;
			buildActionMask = 2147483647;
			files = (
			);
			inputFileListPaths = (
			);
			inputPaths = (
			);
			name = SwiftLint;
			outputFileListPaths = (
			);
			outputPaths = (
			);
			runOnlyForDeploymentPostprocessing = 0;
			shellPath = /bin/sh;
			shellScript = "if which swiftlint >/dev/null; then\n  swiftlint\nelse\n  echo \"warning: SwiftLint not installed, download from https://github.com/realm/SwiftLint\"\nfi\n";
		};
/* End PBXShellScriptBuildPhase section */

/* Begin PBXSourcesBuildPhase section */
		158076ED23EF12F0007A6711 /* Sources */ = {
			isa = PBXSourcesBuildPhase;
			buildActionMask = 2147483647;
			files = (
				1580774123EF5576007A6711 /* IMCodable.swift in Sources */,
				1554905423EF6E340025D97D /* UICollectionView+Utils.swift in Sources */,
				1554905023EF682F0025D97D /* String+Utils.swift in Sources */,
				1580773123EF1DBC007A6711 /* UIViewController+Utils.swift in Sources */,
				1592C73523F0943D007C321C /* FiltersViewController.swift in Sources */,
				1592C73A23F0AC8D007C321C /* Date+Utils.swift in Sources */,
				1580773923EF1ECB007A6711 /* HomeViewModel.swift in Sources */,
				150E0F3A23F2548100DE721A /* FilterButton.swift in Sources */,
				15A6D76C23F05B1D00B0513A /* RepositoryModel.swift in Sources */,
				1554904823EF5D8A0025D97D /* Dictionary+Utils.swift in Sources */,
				1580772523EF16FC007A6711 /* UIBarButtonItem+Utils.swift in Sources */,
				1592C72F23F07CF1007C321C /* RepoCollectionViewCell.swift in Sources */,
				158076F523EF12F0007A6711 /* AppDelegate.swift in Sources */,
				15A6D76823F0591400B0513A /* HomeService.swift in Sources */,
				1554904023EF59560025D97D /* IMConfig.swift in Sources */,
				1554905223EF6D680025D97D /* ActivityManager.swift in Sources */,
				1554904623EF5C0D0025D97D /* IMError.swift in Sources */,
				1554904423EF5BAD0025D97D /* Reachability.swift in Sources */,
				15A6D76A23F0591E00B0513A /* HomeAPI.swift in Sources */,
				1580772723EF171B007A6711 /* AppCoordinator.swift in Sources */,
				1580773C23EF24A0007A6711 /* RepoDetailViewController.swift in Sources */,
				156A6C6C23F1F6600079A6D1 /* DefaultCollectionViewCell.swift in Sources */,
				1580771F23EF15EE007A6711 /* BaseCoordinator.swift in Sources */,
				1580774323EF55A7007A6711 /* BaseService.swift in Sources */,
				1580773423EF1E53007A6711 /* HomeViewController.swift in Sources */,
				1592C74523F0C405007C321C /* ReadMeTableViewCell.swift in Sources */,
				1580772223EF166D007A6711 /* IMNavigationController.swift in Sources */,
				1567A1F723F31A2D005A9DFF /* UIScrollView+BottomRefreshControl.m in Sources */,
				156A6C6823F1F61C0079A6D1 /* DefaultTableViewCell.swift in Sources */,
				1592C74123F0C3BE007C321C /* SecondaryInfoTableViewCell.swift in Sources */,
				1592C73823F09B24007C321C /* Encodable+Utils.swift in Sources */,
				1580773723EF1EA6007A6711 /* HomeCoordinator.swift in Sources */,
				1554904C23EF67A20025D97D /* UIView+Utils.swift in Sources */,
				1554904E23EF67D90025D97D /* UIColor+Utils.swift in Sources */,
				1580772F23EF194B007A6711 /* AlertManager.swift in Sources */,
				1580773F23EF52B1007A6711 /* Fetcher.swift in Sources */,
				1580772D23EF18DB007A6711 /* BaseViewController.swift in Sources */,
				1554904A23EF675E0025D97D /* UITableView+Utils.swift in Sources */,
				1592C73D23F0C360007C321C /* MainRepoInfoTableViewCell.swift in Sources */,
			);
			runOnlyForDeploymentPostprocessing = 0;
		};
		1580770323EF12F2007A6711 /* Sources */ = {
			isa = PBXSourcesBuildPhase;
			buildActionMask = 2147483647;
			files = (
				1580770C23EF12F2007A6711 /* GitHubTestTests.swift in Sources */,
			);
			runOnlyForDeploymentPostprocessing = 0;
		};
/* End PBXSourcesBuildPhase section */

/* Begin PBXTargetDependency section */
		1580770923EF12F2007A6711 /* PBXTargetDependency */ = {
			isa = PBXTargetDependency;
			target = 158076F023EF12F0007A6711 /* GitHubTest */;
			targetProxy = 1580770823EF12F2007A6711 /* PBXContainerItemProxy */;
		};
/* End PBXTargetDependency section */

/* Begin PBXVariantGroup section */
		158076FF23EF12F2007A6711 /* LaunchScreen.storyboard */ = {
			isa = PBXVariantGroup;
			children = (
				1580770023EF12F2007A6711 /* Base */,
			);
			name = LaunchScreen.storyboard;
			sourceTree = "<group>";
		};
/* End PBXVariantGroup section */

/* Begin XCBuildConfiguration section */
		1580770E23EF12F2007A6711 /* Debug */ = {
			isa = XCBuildConfiguration;
			buildSettings = {
				ALWAYS_SEARCH_USER_PATHS = NO;
				CLANG_ANALYZER_NONNULL = YES;
				CLANG_ANALYZER_NUMBER_OBJECT_CONVERSION = YES_AGGRESSIVE;
				CLANG_CXX_LANGUAGE_STANDARD = "gnu++14";
				CLANG_CXX_LIBRARY = "libc++";
				CLANG_ENABLE_MODULES = YES;
				CLANG_ENABLE_OBJC_ARC = YES;
				CLANG_ENABLE_OBJC_WEAK = YES;
				CLANG_WARN_BLOCK_CAPTURE_AUTORELEASING = YES;
				CLANG_WARN_BOOL_CONVERSION = YES;
				CLANG_WARN_COMMA = YES;
				CLANG_WARN_CONSTANT_CONVERSION = YES;
				CLANG_WARN_DEPRECATED_OBJC_IMPLEMENTATIONS = YES;
				CLANG_WARN_DIRECT_OBJC_ISA_USAGE = YES_ERROR;
				CLANG_WARN_DOCUMENTATION_COMMENTS = YES;
				CLANG_WARN_EMPTY_BODY = YES;
				CLANG_WARN_ENUM_CONVERSION = YES;
				CLANG_WARN_INFINITE_RECURSION = YES;
				CLANG_WARN_INT_CONVERSION = YES;
				CLANG_WARN_NON_LITERAL_NULL_CONVERSION = YES;
				CLANG_WARN_OBJC_IMPLICIT_RETAIN_SELF = YES;
				CLANG_WARN_OBJC_LITERAL_CONVERSION = YES;
				CLANG_WARN_OBJC_ROOT_CLASS = YES_ERROR;
				CLANG_WARN_RANGE_LOOP_ANALYSIS = YES;
				CLANG_WARN_STRICT_PROTOTYPES = YES;
				CLANG_WARN_SUSPICIOUS_MOVE = YES;
				CLANG_WARN_UNGUARDED_AVAILABILITY = YES_AGGRESSIVE;
				CLANG_WARN_UNREACHABLE_CODE = YES;
				CLANG_WARN__DUPLICATE_METHOD_MATCH = YES;
				COPY_PHASE_STRIP = NO;
				DEBUG_INFORMATION_FORMAT = dwarf;
				ENABLE_STRICT_OBJC_MSGSEND = YES;
				ENABLE_TESTABILITY = YES;
				GCC_C_LANGUAGE_STANDARD = gnu11;
				GCC_DYNAMIC_NO_PIC = NO;
				GCC_NO_COMMON_BLOCKS = YES;
				GCC_OPTIMIZATION_LEVEL = 0;
				GCC_PREPROCESSOR_DEFINITIONS = (
					"DEBUG=1",
					"$(inherited)",
				);
				GCC_WARN_64_TO_32_BIT_CONVERSION = YES;
				GCC_WARN_ABOUT_RETURN_TYPE = YES_ERROR;
				GCC_WARN_UNDECLARED_SELECTOR = YES;
				GCC_WARN_UNINITIALIZED_AUTOS = YES_AGGRESSIVE;
				GCC_WARN_UNUSED_FUNCTION = YES;
				GCC_WARN_UNUSED_VARIABLE = YES;
				IPHONEOS_DEPLOYMENT_TARGET = 13.2;
				MTL_ENABLE_DEBUG_INFO = INCLUDE_SOURCE;
				MTL_FAST_MATH = YES;
				ONLY_ACTIVE_ARCH = YES;
				SDKROOT = iphoneos;
				SWIFT_ACTIVE_COMPILATION_CONDITIONS = DEBUG;
				SWIFT_OPTIMIZATION_LEVEL = "-Onone";
			};
			name = Debug;
		};
		1580770F23EF12F2007A6711 /* Release */ = {
			isa = XCBuildConfiguration;
			buildSettings = {
				ALWAYS_SEARCH_USER_PATHS = NO;
				CLANG_ANALYZER_NONNULL = YES;
				CLANG_ANALYZER_NUMBER_OBJECT_CONVERSION = YES_AGGRESSIVE;
				CLANG_CXX_LANGUAGE_STANDARD = "gnu++14";
				CLANG_CXX_LIBRARY = "libc++";
				CLANG_ENABLE_MODULES = YES;
				CLANG_ENABLE_OBJC_ARC = YES;
				CLANG_ENABLE_OBJC_WEAK = YES;
				CLANG_WARN_BLOCK_CAPTURE_AUTORELEASING = YES;
				CLANG_WARN_BOOL_CONVERSION = YES;
				CLANG_WARN_COMMA = YES;
				CLANG_WARN_CONSTANT_CONVERSION = YES;
				CLANG_WARN_DEPRECATED_OBJC_IMPLEMENTATIONS = YES;
				CLANG_WARN_DIRECT_OBJC_ISA_USAGE = YES_ERROR;
				CLANG_WARN_DOCUMENTATION_COMMENTS = YES;
				CLANG_WARN_EMPTY_BODY = YES;
				CLANG_WARN_ENUM_CONVERSION = YES;
				CLANG_WARN_INFINITE_RECURSION = YES;
				CLANG_WARN_INT_CONVERSION = YES;
				CLANG_WARN_NON_LITERAL_NULL_CONVERSION = YES;
				CLANG_WARN_OBJC_IMPLICIT_RETAIN_SELF = YES;
				CLANG_WARN_OBJC_LITERAL_CONVERSION = YES;
				CLANG_WARN_OBJC_ROOT_CLASS = YES_ERROR;
				CLANG_WARN_RANGE_LOOP_ANALYSIS = YES;
				CLANG_WARN_STRICT_PROTOTYPES = YES;
				CLANG_WARN_SUSPICIOUS_MOVE = YES;
				CLANG_WARN_UNGUARDED_AVAILABILITY = YES_AGGRESSIVE;
				CLANG_WARN_UNREACHABLE_CODE = YES;
				CLANG_WARN__DUPLICATE_METHOD_MATCH = YES;
				COPY_PHASE_STRIP = NO;
				DEBUG_INFORMATION_FORMAT = "dwarf-with-dsym";
				ENABLE_NS_ASSERTIONS = NO;
				ENABLE_STRICT_OBJC_MSGSEND = YES;
				GCC_C_LANGUAGE_STANDARD = gnu11;
				GCC_NO_COMMON_BLOCKS = YES;
				GCC_WARN_64_TO_32_BIT_CONVERSION = YES;
				GCC_WARN_ABOUT_RETURN_TYPE = YES_ERROR;
				GCC_WARN_UNDECLARED_SELECTOR = YES;
				GCC_WARN_UNINITIALIZED_AUTOS = YES_AGGRESSIVE;
				GCC_WARN_UNUSED_FUNCTION = YES;
				GCC_WARN_UNUSED_VARIABLE = YES;
				IPHONEOS_DEPLOYMENT_TARGET = 13.2;
				MTL_ENABLE_DEBUG_INFO = NO;
				MTL_FAST_MATH = YES;
				SDKROOT = iphoneos;
				SWIFT_COMPILATION_MODE = wholemodule;
				SWIFT_OPTIMIZATION_LEVEL = "-O";
				VALIDATE_PRODUCT = YES;
			};
			name = Release;
		};
		1580771123EF12F2007A6711 /* Debug */ = {
			isa = XCBuildConfiguration;
			buildSettings = {
				ASSETCATALOG_COMPILER_APPICON_NAME = AppIcon;
				CODE_SIGN_STYLE = Automatic;
				DEVELOPMENT_TEAM = RDTR6557FX;
				FRAMEWORK_SEARCH_PATHS = (
					"$(inherited)",
					"$(PROJECT_DIR)/Carthage/Build/iOS",
				);
				INFOPLIST_FILE = GitHubTest/Info.plist;
				IPHONEOS_DEPLOYMENT_TARGET = 11.0;
				LD_RUNPATH_SEARCH_PATHS = (
					"$(inherited)",
					"@executable_path/Frameworks",
				);
				PRODUCT_BUNDLE_IDENTIFIER = bruno.GitHubTest;
				PRODUCT_NAME = "$(TARGET_NAME)";
				SWIFT_OBJC_BRIDGING_HEADER = "GitHubTest/GitHubTest-Bridging-Header.h";
				SWIFT_VERSION = 5.0;
				TARGETED_DEVICE_FAMILY = 1;
			};
			name = Debug;
		};
		1580771223EF12F2007A6711 /* Release */ = {
			isa = XCBuildConfiguration;
			buildSettings = {
				ASSETCATALOG_COMPILER_APPICON_NAME = AppIcon;
				CODE_SIGN_STYLE = Automatic;
				DEVELOPMENT_TEAM = RDTR6557FX;
				FRAMEWORK_SEARCH_PATHS = (
					"$(inherited)",
					"$(PROJECT_DIR)/Carthage/Build/iOS",
				);
				INFOPLIST_FILE = GitHubTest/Info.plist;
				IPHONEOS_DEPLOYMENT_TARGET = 11.0;
				LD_RUNPATH_SEARCH_PATHS = (
					"$(inherited)",
					"@executable_path/Frameworks",
				);
				PRODUCT_BUNDLE_IDENTIFIER = bruno.GitHubTest;
				PRODUCT_NAME = "$(TARGET_NAME)";
				SWIFT_OBJC_BRIDGING_HEADER = "GitHubTest/GitHubTest-Bridging-Header.h";
				SWIFT_VERSION = 5.0;
				TARGETED_DEVICE_FAMILY = 1;
			};
			name = Release;
		};
		1580771423EF12F2007A6711 /* Debug */ = {
			isa = XCBuildConfiguration;
			buildSettings = {
				ALWAYS_EMBED_SWIFT_STANDARD_LIBRARIES = YES;
				BUNDLE_LOADER = "$(TEST_HOST)";
				CODE_SIGN_STYLE = Automatic;
				DEVELOPMENT_TEAM = RDTR6557FX;
				INFOPLIST_FILE = GitHubTestTests/Info.plist;
				IPHONEOS_DEPLOYMENT_TARGET = 13.2;
				LD_RUNPATH_SEARCH_PATHS = (
					"$(inherited)",
					"@executable_path/Frameworks",
					"@loader_path/Frameworks",
				);
				PRODUCT_BUNDLE_IDENTIFIER = bruno.GitHubTestTests;
				PRODUCT_NAME = "$(TARGET_NAME)";
				SWIFT_VERSION = 5.0;
				TARGETED_DEVICE_FAMILY = "1,2";
				TEST_HOST = "$(BUILT_PRODUCTS_DIR)/GitHubTest.app/GitHubTest";
			};
			name = Debug;
		};
		1580771523EF12F2007A6711 /* Release */ = {
			isa = XCBuildConfiguration;
			buildSettings = {
				ALWAYS_EMBED_SWIFT_STANDARD_LIBRARIES = YES;
				BUNDLE_LOADER = "$(TEST_HOST)";
				CODE_SIGN_STYLE = Automatic;
				DEVELOPMENT_TEAM = RDTR6557FX;
				INFOPLIST_FILE = GitHubTestTests/Info.plist;
				IPHONEOS_DEPLOYMENT_TARGET = 13.2;
				LD_RUNPATH_SEARCH_PATHS = (
					"$(inherited)",
					"@executable_path/Frameworks",
					"@loader_path/Frameworks",
				);
				PRODUCT_BUNDLE_IDENTIFIER = bruno.GitHubTestTests;
				PRODUCT_NAME = "$(TARGET_NAME)";
				SWIFT_VERSION = 5.0;
				TARGETED_DEVICE_FAMILY = "1,2";
				TEST_HOST = "$(BUILT_PRODUCTS_DIR)/GitHubTest.app/GitHubTest";
			};
			name = Release;
		};
/* End XCBuildConfiguration section */

/* Begin XCConfigurationList section */
		158076EC23EF12F0007A6711 /* Build configuration list for PBXProject "GitHubTest" */ = {
			isa = XCConfigurationList;
			buildConfigurations = (
				1580770E23EF12F2007A6711 /* Debug */,
				1580770F23EF12F2007A6711 /* Release */,
			);
			defaultConfigurationIsVisible = 0;
			defaultConfigurationName = Release;
		};
		1580771023EF12F2007A6711 /* Build configuration list for PBXNativeTarget "GitHubTest" */ = {
			isa = XCConfigurationList;
			buildConfigurations = (
				1580771123EF12F2007A6711 /* Debug */,
				1580771223EF12F2007A6711 /* Release */,
			);
			defaultConfigurationIsVisible = 0;
			defaultConfigurationName = Release;
		};
		1580771323EF12F2007A6711 /* Build configuration list for PBXNativeTarget "GitHubTestTests" */ = {
			isa = XCConfigurationList;
			buildConfigurations = (
				1580771423EF12F2007A6711 /* Debug */,
				1580771523EF12F2007A6711 /* Release */,
			);
			defaultConfigurationIsVisible = 0;
			defaultConfigurationName = Release;
		};
/* End XCConfigurationList section */
	};
	rootObject = 158076E923EF12F0007A6711 /* Project object */;
}
